
Microsoft Visual Studio Solution File, Format Version 12.00
Project("{FAE04EC0-301F-11D3-BF4B-00C04F79EFBC}") = "calc_01", "calc_01\calc_01.csproj", "{C7D187AD-3678-42B3-8DAB-0CEEC6D0632E}"
EndProject
Project("{FAE04EC0-301F-11D3-BF4B-00C04F79EFBC}") = "calc_02", "calc_02\calc_02.csproj", "{D5D87A91-4D68-4D5F-AFB0-11466A3CB9CD}"
EndProject
Project("{FAE04EC0-301F-11D3-BF4B-00C04F79EFBC}") = "calc_03", "calc_03\calc_03.csproj", "{6EC82E38-02D4-46DE-8348-92BDA5D77233}"
EndProject
Project("{FAE04EC0-301F-11D3-BF4B-00C04F79EFBC}") = "calc_04", "calc_04\calc_04.csproj", "{40533293-EE9C-44B0-A2B6-050BD3E4B2EA}"
EndProject
Project("{FAE04EC0-301F-11D3-BF4B-00C04F79EFBC}") = "calc_05", "calc_05\calc_05.csproj", "{DDF4709A-B3A0-4528-ACEE-ACF690237C8E}"
EndProject
Project("{FAE04EC0-301F-11D3-BF4B-00C04F79EFBC}") = "calc_06", "calc_06\calc_06.csproj", "{27AA01F6-7926-411C-B5DF-BF67BC036259}"
EndProject
Project("{FAE04EC0-301F-11D3-BF4B-00C04F79EFBC}") = "calc_07", "calc_07\calc_07.csproj", "{55FA7D61-91E7-40E0-AF1F-6DD19DD4D5FB}"
EndProject
Project("{FAE04EC0-301F-11D3-BF4B-00C04F79EFBC}") = "calc_08", "calc_08\calc_08.csproj", "{2476F680-114E-49B3-8789-E61BDC4726A0}"
EndProject
Project("{FAE04EC0-301F-11D3-BF4B-00C04F79EFBC}") = "calc_09", "calc_09\calc_09.csproj", "{3BA49186-93CE-4F9A-9BAD-66205B732E85}"
EndProject
Project("{FAE04EC0-301F-11D3-BF4B-00C04F79EFBC}") = "calc_10", "calc_10\calc_10.csproj", "{F94E3282-43BF-47BB-A996-0CE8A826F09F}"
EndProject
Project("{FAE04EC0-301F-11D3-BF4B-00C04F79EFBC}") = "calc_11", "calc_11\calc_11.csproj", "{2A7EDECB-5608-48D9-8291-50EF505E7796}"
EndProject
Project("{FAE04EC0-301F-11D3-BF4B-00C04F79EFBC}") = "calc_12", "calc_12\calc_12.csproj", "{0E19C865-0F35-43CA-8E54-C48C7D1EEE05}"
EndProject
Project("{FAE04EC0-301F-11D3-BF4B-00C04F79EFBC}") = "calc_13", "calc_13\calc_13.csproj", "{99F8DFEA-1CF6-4B0E-B69F-44702669A84F}"
EndProject
Project("{FAE04EC0-301F-11D3-BF4B-00C04F79EFBC}") = "loops_01", "loops_01\loops_01.csproj", "{1E043D2E-ED84-4929-B269-8B4414D076E6}"
EndProject
Project("{FAE04EC0-301F-11D3-BF4B-00C04F79EFBC}") = "loops_02", "loops_02\loops_02.csproj", "{69597C81-2E70-41F3-B4D2-F9A4AA911D13}"
EndProject
Project("{FAE04EC0-301F-11D3-BF4B-00C04F79EFBC}") = "loops_03", "loops_03\loops_03.csproj", "{1BA0112F-9D40-43E6-980B-B964C99FFA5A}"
EndProject
Project("{FAE04EC0-301F-11D3-BF4B-00C04F79EFBC}") = "loops_04", "loops_04\loops_04.csproj", "{6E6AE0F8-4256-41B0-AA88-768381F04154}"
EndProject
Project("{FAE04EC0-301F-11D3-BF4B-00C04F79EFBC}") = "loops_05", "loops_05\loops_05.csproj", "{11486FE6-F40B-4D17-A19C-15F29AC29814}"
EndProject
Project("{FAE04EC0-301F-11D3-BF4B-00C04F79EFBC}") = "loops_06", "loops_06\loops_06.csproj", "{51F9C369-D0FA-414A-AD58-31DB7DFB3F85}"
EndProject
Project("{FAE04EC0-301F-11D3-BF4B-00C04F79EFBC}") = "loops_07", "loops_07\loops_07.csproj", "{CF1BE06C-1900-40DA-9C29-7B2DCFAC7C0F}"
EndProject
Project("{FAE04EC0-301F-11D3-BF4B-00C04F79EFBC}") = "loops_08", "loops_08\loops_08.csproj", "{D2C0160C-2B8A-4B58-ADB6-5FAA110B2BFA}"
EndProject
Project("{FAE04EC0-301F-11D3-BF4B-00C04F79EFBC}") = "loops_09", "loops_09\loops_09.csproj", "{670834C9-E021-4B71-80BB-DDFCE2B19286}"
EndProject
Project("{FAE04EC0-301F-11D3-BF4B-00C04F79EFBC}") = "loops_10", "loops_10\loops_10.csproj", "{63B15CE6-0CC6-4E4A-A324-E622242D2731}"
EndProject
Project("{FAE04EC0-301F-11D3-BF4B-00C04F79EFBC}") = "loops_11", "loops_11\loops_11.csproj", "{BAA78FDB-C44A-4890-9AF9-3C3A5A4A2D26}"
EndProject
Project("{FAE04EC0-301F-11D3-BF4B-00C04F79EFBC}") = "loops_12", "loops_12\loops_12.csproj", "{36B58287-E32C-4F51-9460-E581DC28B183}"
EndProject
Global
	GlobalSection(SolutionConfigurationPlatforms) = preSolution
		Debug|Any CPU = Debug|Any CPU
		Release|Any CPU = Release|Any CPU
	EndGlobalSection
	GlobalSection(ProjectConfigurationPlatforms) = postSolution
		{C7D187AD-3678-42B3-8DAB-0CEEC6D0632E}.Debug|Any CPU.ActiveCfg = Debug|Any CPU
		{C7D187AD-3678-42B3-8DAB-0CEEC6D0632E}.Debug|Any CPU.Build.0 = Debug|Any CPU
		{C7D187AD-3678-42B3-8DAB-0CEEC6D0632E}.Release|Any CPU.ActiveCfg = Release|Any CPU
		{C7D187AD-3678-42B3-8DAB-0CEEC6D0632E}.Release|Any CPU.Build.0 = Release|Any CPU
		{D5D87A91-4D68-4D5F-AFB0-11466A3CB9CD}.Debug|Any CPU.ActiveCfg = Debug|Any CPU
		{D5D87A91-4D68-4D5F-AFB0-11466A3CB9CD}.Debug|Any CPU.Build.0 = Debug|Any CPU
		{D5D87A91-4D68-4D5F-AFB0-11466A3CB9CD}.Release|Any CPU.ActiveCfg = Release|Any CPU
		{D5D87A91-4D68-4D5F-AFB0-11466A3CB9CD}.Release|Any CPU.Build.0 = Release|Any CPU
		{6EC82E38-02D4-46DE-8348-92BDA5D77233}.Debug|Any CPU.ActiveCfg = Debug|Any CPU
		{6EC82E38-02D4-46DE-8348-92BDA5D77233}.Debug|Any CPU.Build.0 = Debug|Any CPU
		{6EC82E38-02D4-46DE-8348-92BDA5D77233}.Release|Any CPU.ActiveCfg = Release|Any CPU
		{6EC82E38-02D4-46DE-8348-92BDA5D77233}.Release|Any CPU.Build.0 = Release|Any CPU
		{40533293-EE9C-44B0-A2B6-050BD3E4B2EA}.Debug|Any CPU.ActiveCfg = Debug|Any CPU
		{40533293-EE9C-44B0-A2B6-050BD3E4B2EA}.Debug|Any CPU.Build.0 = Debug|Any CPU
		{40533293-EE9C-44B0-A2B6-050BD3E4B2EA}.Release|Any CPU.ActiveCfg = Release|Any CPU
		{40533293-EE9C-44B0-A2B6-050BD3E4B2EA}.Release|Any CPU.Build.0 = Release|Any CPU
		{DDF4709A-B3A0-4528-ACEE-ACF690237C8E}.Debug|Any CPU.ActiveCfg = Debug|Any CPU
		{DDF4709A-B3A0-4528-ACEE-ACF690237C8E}.Debug|Any CPU.Build.0 = Debug|Any CPU
		{DDF4709A-B3A0-4528-ACEE-ACF690237C8E}.Release|Any CPU.ActiveCfg = Release|Any CPU
		{DDF4709A-B3A0-4528-ACEE-ACF690237C8E}.Release|Any CPU.Build.0 = Release|Any CPU
		{27AA01F6-7926-411C-B5DF-BF67BC036259}.Debug|Any CPU.ActiveCfg = Debug|Any CPU
		{27AA01F6-7926-411C-B5DF-BF67BC036259}.Debug|Any CPU.Build.0 = Debug|Any CPU
		{27AA01F6-7926-411C-B5DF-BF67BC036259}.Release|Any CPU.ActiveCfg = Release|Any CPU
		{27AA01F6-7926-411C-B5DF-BF67BC036259}.Release|Any CPU.Build.0 = Release|Any CPU
		{55FA7D61-91E7-40E0-AF1F-6DD19DD4D5FB}.Debug|Any CPU.ActiveCfg = Debug|Any CPU
		{55FA7D61-91E7-40E0-AF1F-6DD19DD4D5FB}.Debug|Any CPU.Build.0 = Debug|Any CPU
		{55FA7D61-91E7-40E0-AF1F-6DD19DD4D5FB}.Release|Any CPU.ActiveCfg = Release|Any CPU
		{55FA7D61-91E7-40E0-AF1F-6DD19DD4D5FB}.Release|Any CPU.Build.0 = Release|Any CPU
		{2476F680-114E-49B3-8789-E61BDC4726A0}.Debug|Any CPU.ActiveCfg = Debug|Any CPU
		{2476F680-114E-49B3-8789-E61BDC4726A0}.Debug|Any CPU.Build.0 = Debug|Any CPU
		{2476F680-114E-49B3-8789-E61BDC4726A0}.Release|Any CPU.ActiveCfg = Release|Any CPU
		{2476F680-114E-49B3-8789-E61BDC4726A0}.Release|Any CPU.Build.0 = Release|Any CPU
		{3BA49186-93CE-4F9A-9BAD-66205B732E85}.Debug|Any CPU.ActiveCfg = Debug|Any CPU
		{3BA49186-93CE-4F9A-9BAD-66205B732E85}.Debug|Any CPU.Build.0 = Debug|Any CPU
		{3BA49186-93CE-4F9A-9BAD-66205B732E85}.Release|Any CPU.ActiveCfg = Release|Any CPU
		{3BA49186-93CE-4F9A-9BAD-66205B732E85}.Release|Any CPU.Build.0 = Release|Any CPU
		{F94E3282-43BF-47BB-A996-0CE8A826F09F}.Debug|Any CPU.ActiveCfg = Debug|Any CPU
		{F94E3282-43BF-47BB-A996-0CE8A826F09F}.Debug|Any CPU.Build.0 = Debug|Any CPU
		{F94E3282-43BF-47BB-A996-0CE8A826F09F}.Release|Any CPU.ActiveCfg = Release|Any CPU
		{F94E3282-43BF-47BB-A996-0CE8A826F09F}.Release|Any CPU.Build.0 = Release|Any CPU
		{2A7EDECB-5608-48D9-8291-50EF505E7796}.Debug|Any CPU.ActiveCfg = Debug|Any CPU
		{2A7EDECB-5608-48D9-8291-50EF505E7796}.Debug|Any CPU.Build.0 = Debug|Any CPU
		{2A7EDECB-5608-48D9-8291-50EF505E7796}.Release|Any CPU.ActiveCfg = Release|Any CPU
		{2A7EDECB-5608-48D9-8291-50EF505E7796}.Release|Any CPU.Build.0 = Release|Any CPU
		{0E19C865-0F35-43CA-8E54-C48C7D1EEE05}.Debug|Any CPU.ActiveCfg = Debug|Any CPU
		{0E19C865-0F35-43CA-8E54-C48C7D1EEE05}.Debug|Any CPU.Build.0 = Debug|Any CPU
		{0E19C865-0F35-43CA-8E54-C48C7D1EEE05}.Release|Any CPU.ActiveCfg = Release|Any CPU
		{0E19C865-0F35-43CA-8E54-C48C7D1EEE05}.Release|Any CPU.Build.0 = Release|Any CPU
		{99F8DFEA-1CF6-4B0E-B69F-44702669A84F}.Debug|Any CPU.ActiveCfg = Debug|Any CPU
		{99F8DFEA-1CF6-4B0E-B69F-44702669A84F}.Debug|Any CPU.Build.0 = Debug|Any CPU
		{99F8DFEA-1CF6-4B0E-B69F-44702669A84F}.Release|Any CPU.ActiveCfg = Release|Any CPU
		{99F8DFEA-1CF6-4B0E-B69F-44702669A84F}.Release|Any CPU.Build.0 = Release|Any CPU
		{1E043D2E-ED84-4929-B269-8B4414D076E6}.Debug|Any CPU.ActiveCfg = Debug|Any CPU
		{1E043D2E-ED84-4929-B269-8B4414D076E6}.Debug|Any CPU.Build.0 = Debug|Any CPU
		{1E043D2E-ED84-4929-B269-8B4414D076E6}.Release|Any CPU.ActiveCfg = Release|Any CPU
		{1E043D2E-ED84-4929-B269-8B4414D076E6}.Release|Any CPU.Build.0 = Release|Any CPU
		{69597C81-2E70-41F3-B4D2-F9A4AA911D13}.Debug|Any CPU.ActiveCfg = Debug|Any CPU
		{69597C81-2E70-41F3-B4D2-F9A4AA911D13}.Debug|Any CPU.Build.0 = Debug|Any CPU
		{69597C81-2E70-41F3-B4D2-F9A4AA911D13}.Release|Any CPU.ActiveCfg = Release|Any CPU
		{69597C81-2E70-41F3-B4D2-F9A4AA911D13}.Release|Any CPU.Build.0 = Release|Any CPU
		{1BA0112F-9D40-43E6-980B-B964C99FFA5A}.Debug|Any CPU.ActiveCfg = Debug|Any CPU
		{1BA0112F-9D40-43E6-980B-B964C99FFA5A}.Debug|Any CPU.Build.0 = Debug|Any CPU
		{1BA0112F-9D40-43E6-980B-B964C99FFA5A}.Release|Any CPU.ActiveCfg = Release|Any CPU
		{1BA0112F-9D40-43E6-980B-B964C99FFA5A}.Release|Any CPU.Build.0 = Release|Any CPU
		{6E6AE0F8-4256-41B0-AA88-768381F04154}.Debug|Any CPU.ActiveCfg = Debug|Any CPU
		{6E6AE0F8-4256-41B0-AA88-768381F04154}.Debug|Any CPU.Build.0 = Debug|Any CPU
		{6E6AE0F8-4256-41B0-AA88-768381F04154}.Release|Any CPU.ActiveCfg = Release|Any CPU
		{6E6AE0F8-4256-41B0-AA88-768381F04154}.Release|Any CPU.Build.0 = Release|Any CPU
		{11486FE6-F40B-4D17-A19C-15F29AC29814}.Debug|Any CPU.ActiveCfg = Debug|Any CPU
		{11486FE6-F40B-4D17-A19C-15F29AC29814}.Debug|Any CPU.Build.0 = Debug|Any CPU
		{11486FE6-F40B-4D17-A19C-15F29AC29814}.Release|Any CPU.ActiveCfg = Release|Any CPU
		{11486FE6-F40B-4D17-A19C-15F29AC29814}.Release|Any CPU.Build.0 = Release|Any CPU
		{51F9C369-D0FA-414A-AD58-31DB7DFB3F85}.Debug|Any CPU.ActiveCfg = Debug|Any CPU
		{51F9C369-D0FA-414A-AD58-31DB7DFB3F85}.Debug|Any CPU.Build.0 = Debug|Any CPU
		{51F9C369-D0FA-414A-AD58-31DB7DFB3F85}.Release|Any CPU.ActiveCfg = Release|Any CPU
		{51F9C369-D0FA-414A-AD58-31DB7DFB3F85}.Release|Any CPU.Build.0 = Release|Any CPU
		{CF1BE06C-1900-40DA-9C29-7B2DCFAC7C0F}.Debug|Any CPU.ActiveCfg = Debug|Any CPU
		{CF1BE06C-1900-40DA-9C29-7B2DCFAC7C0F}.Debug|Any CPU.Build.0 = Debug|Any CPU
		{CF1BE06C-1900-40DA-9C29-7B2DCFAC7C0F}.Release|Any CPU.ActiveCfg = Release|Any CPU
		{CF1BE06C-1900-40DA-9C29-7B2DCFAC7C0F}.Release|Any CPU.Build.0 = Release|Any CPU
		{D2C0160C-2B8A-4B58-ADB6-5FAA110B2BFA}.Debug|Any CPU.ActiveCfg = Debug|Any CPU
		{D2C0160C-2B8A-4B58-ADB6-5FAA110B2BFA}.Debug|Any CPU.Build.0 = Debug|Any CPU
		{D2C0160C-2B8A-4B58-ADB6-5FAA110B2BFA}.Release|Any CPU.ActiveCfg = Release|Any CPU
		{D2C0160C-2B8A-4B58-ADB6-5FAA110B2BFA}.Release|Any CPU.Build.0 = Release|Any CPU
		{670834C9-E021-4B71-80BB-DDFCE2B19286}.Debug|Any CPU.ActiveCfg = Debug|Any CPU
		{670834C9-E021-4B71-80BB-DDFCE2B19286}.Debug|Any CPU.Build.0 = Debug|Any CPU
		{670834C9-E021-4B71-80BB-DDFCE2B19286}.Release|Any CPU.ActiveCfg = Release|Any CPU
		{670834C9-E021-4B71-80BB-DDFCE2B19286}.Release|Any CPU.Build.0 = Release|Any CPU
		{63B15CE6-0CC6-4E4A-A324-E622242D2731}.Debug|Any CPU.ActiveCfg = Debug|Any CPU
		{63B15CE6-0CC6-4E4A-A324-E622242D2731}.Debug|Any CPU.Build.0 = Debug|Any CPU
		{63B15CE6-0CC6-4E4A-A324-E622242D2731}.Release|Any CPU.ActiveCfg = Release|Any CPU
		{63B15CE6-0CC6-4E4A-A324-E622242D2731}.Release|Any CPU.Build.0 = Release|Any CPU
		{BAA78FDB-C44A-4890-9AF9-3C3A5A4A2D26}.Debug|Any CPU.ActiveCfg = Debug|Any CPU
		{BAA78FDB-C44A-4890-9AF9-3C3A5A4A2D26}.Debug|Any CPU.Build.0 = Debug|Any CPU
		{BAA78FDB-C44A-4890-9AF9-3C3A5A4A2D26}.Release|Any CPU.ActiveCfg = Release|Any CPU
		{BAA78FDB-C44A-4890-9AF9-3C3A5A4A2D26}.Release|Any CPU.Build.0 = Release|Any CPU
		{36B58287-E32C-4F51-9460-E581DC28B183}.Debug|Any CPU.ActiveCfg = Debug|Any CPU
		{36B58287-E32C-4F51-9460-E581DC28B183}.Debug|Any CPU.Build.0 = Debug|Any CPU
		{36B58287-E32C-4F51-9460-E581DC28B183}.Release|Any CPU.ActiveCfg = Release|Any CPU
		{36B58287-E32C-4F51-9460-E581DC28B183}.Release|Any CPU.Build.0 = Release|Any CPU
	EndGlobalSection
EndGlobal
